PODS:
  - Alamofire (4.9.1)
  - IQKeyboardManager (6.5.5)
  - Kingfisher (4.10.1)
  - R.swift (5.1.0):
    - R.swift.Library (~> 5.1.0)
  - R.swift.Library (5.1.0)
  - SnapKit (4.2.0)
  - SwiftyJSON (5.0.0)
  - Toast-Swift (5.0.1)

DEPENDENCIES:
  - Alamofire
  - IQKeyboardManager
  - Kingfisher
  - R.swift
  - SnapKit
  - SwiftyJSON
  - Toast-Swift (~> 5.0.1)

SPEC REPOS:
  trunk:
    - Alamofire
    - IQKeyboardManager
    - Kingfisher
    - R.swift
    - R.swift.Library
    - SnapKit
    - SwiftyJSON
    - Toast-Swift

SPEC CHECKSUMS:
  Alamofire: 85e8a02c69d6020a0d734f6054870d7ecb75cf18
  IQKeyboardManager: 3a8b9e603f8b0eeaf5f096a1f2b2cfcf121992ef
  Kingfisher: c148cd7b47ebde9989f6bc7c27dcaa79d81279a0
  R.swift: 8cbc4fc69b740305b6a17c8a8ed968eb788962d9
  R.swift.Library: fa85ce1e0d0b7e818cd9e080df910ba54d2776cc
  SnapKit: fe8a619752f3f27075cc9a90244d75c6c3f27e2a
  SwiftyJSON: 36413e04c44ee145039d332b4f4e2d3e8d6c4db7
  Toast-Swift: 9b6a70f28b3bf0b96c40d46c0c4b9d6639846711

PODFILE CHECKSUM: 1063e7c4886bddc309fc591d27327ab437434714

COCOAPODS: 1.9.0.beta.3
